
Microsoft Visual Studio Solution File, Format Version 12.00
# Visual Studio 15
Project("{FAE04EC0-301F-11D3-BF4B-00C04F79EFBC}") = "Assembly-CSharp", "Assembly-CSharp.csproj", "{6EE73AAA-286B-94C6-0DD7-064797C03B10}"
EndProject
Project("{FAE04EC0-301F-11D3-BF4B-00C04F79EFBC}") = "Assembly-CSharp-firstpass", "Assembly-CSharp-firstpass.csproj", "{1EBF5756-1092-499E-4BBB-81AE904DD19E}"
EndProject
Project("{FAE04EC0-301F-11D3-BF4B-00C04F79EFBC}") = "PathCreator", "PathCreator.csproj", "{F8E0FD6F-E07B-7B35-AB6A-CDA2A09EC9F8}"
EndProject
Project("{FAE04EC0-301F-11D3-BF4B-00C04F79EFBC}") = "PathCreatorEditor", "PathCreatorEditor.csproj", "{3D9056F8-C688-A378-6939-5833119A3331}"
EndProject
Project("{FAE04EC0-301F-11D3-BF4B-00C04F79EFBC}") = "Assembly-CSharp-Editor-firstpass", "Assembly-CSharp-Editor-firstpass.csproj", "{ADF278D1-0350-C832-CDF9-4745BAA03DEF}"
EndProject
Project("{FAE04EC0-301F-11D3-BF4B-00C04F79EFBC}") = "Assembly-CSharp-Editor", "Assembly-CSharp-Editor.csproj", "{83CA5C4D-53E8-BA6F-3E24-C61E91EE9FB0}"
EndProject
Global
	GlobalSection(SolutionConfigurationPlatforms) = preSolution
		Debug|Any CPU = Debug|Any CPU
		Release|Any CPU = Release|Any CPU
	EndGlobalSection
	GlobalSection(ProjectConfigurationPlatforms) = postSolution
		{6EE73AAA-286B-94C6-0DD7-064797C03B10}.Debug|Any CPU.ActiveCfg = Debug|Any CPU
		{6EE73AAA-286B-94C6-0DD7-064797C03B10}.Debug|Any CPU.Build.0 = Debug|Any CPU
		{6EE73AAA-286B-94C6-0DD7-064797C03B10}.Release|Any CPU.ActiveCfg = Release|Any CPU
		{6EE73AAA-286B-94C6-0DD7-064797C03B10}.Release|Any CPU.Build.0 = Release|Any CPU
		{1EBF5756-1092-499E-4BBB-81AE904DD19E}.Debug|Any CPU.ActiveCfg = Debug|Any CPU
		{1EBF5756-1092-499E-4BBB-81AE904DD19E}.Debug|Any CPU.Build.0 = Debug|Any CPU
		{1EBF5756-1092-499E-4BBB-81AE904DD19E}.Release|Any CPU.ActiveCfg = Release|Any CPU
		{1EBF5756-1092-499E-4BBB-81AE904DD19E}.Release|Any CPU.Build.0 = Release|Any CPU
		{F8E0FD6F-E07B-7B35-AB6A-CDA2A09EC9F8}.Debug|Any CPU.ActiveCfg = Debug|Any CPU
		{F8E0FD6F-E07B-7B35-AB6A-CDA2A09EC9F8}.Debug|Any CPU.Build.0 = Debug|Any CPU
		{F8E0FD6F-E07B-7B35-AB6A-CDA2A09EC9F8}.Release|Any CPU.ActiveCfg = Release|Any CPU
		{F8E0FD6F-E07B-7B35-AB6A-CDA2A09EC9F8}.Release|Any CPU.Build.0 = Release|Any CPU
		{3D9056F8-C688-A378-6939-5833119A3331}.Debug|Any CPU.ActiveCfg = Debug|Any CPU
		{3D9056F8-C688-A378-6939-5833119A3331}.Debug|Any CPU.Build.0 = Debug|Any CPU
		{3D9056F8-C688-A378-6939-5833119A3331}.Release|Any CPU.ActiveCfg = Release|Any CPU
		{3D9056F8-C688-A378-6939-5833119A3331}.Release|Any CPU.Build.0 = Release|Any CPU
		{ADF278D1-0350-C832-CDF9-4745BAA03DEF}.Debug|Any CPU.ActiveCfg = Debug|Any CPU
		{ADF278D1-0350-C832-CDF9-4745BAA03DEF}.Debug|Any CPU.Build.0 = Debug|Any CPU
		{ADF278D1-0350-C832-CDF9-4745BAA03DEF}.Release|Any CPU.ActiveCfg = Release|Any CPU
		{ADF278D1-0350-C832-CDF9-4745BAA03DEF}.Release|Any CPU.Build.0 = Release|Any CPU
		{83CA5C4D-53E8-BA6F-3E24-C61E91EE9FB0}.Debug|Any CPU.ActiveCfg = Debug|Any CPU
		{83CA5C4D-53E8-BA6F-3E24-C61E91EE9FB0}.Debug|Any CPU.Build.0 = Debug|Any CPU
		{83CA5C4D-53E8-BA6F-3E24-C61E91EE9FB0}.Release|Any CPU.ActiveCfg = Release|Any CPU
		{83CA5C4D-53E8-BA6F-3E24-C61E91EE9FB0}.Release|Any CPU.Build.0 = Release|Any CPU
	EndGlobalSection
	GlobalSection(SolutionProperties) = preSolution
		HideSolutionNode = FALSE
	EndGlobalSection
EndGlobal
